
Microsoft Visual Studio Solution File, Format Version 12.00
# Visual Studio Version 17
VisualStudioVersion = 17.14.36623.8 d17.14
MinimumVisualStudioVersion = 10.0.40219.1
Project("{FAE04EC0-301F-11D3-BF4B-00C04F79EFBC}") = "UserManagementApi", "UserManagementApi\UserManagementApi.csproj", "{4D89B7E0-5A78-41C1-B829-D03777F4D1C7}"
EndProject
Global
	GlobalSection(SolutionConfigurationPlatforms) = preSolution
		Debug|Any CPU = Debug|Any CPU
		Release|Any CPU = Release|Any CPU
	EndGlobalSection
	GlobalSection(ProjectConfigurationPlatforms) = postSolution
		{4D89B7E0-5A78-41C1-B829-D03777F4D1C7}.Debug|Any CPU.ActiveCfg = Debug|Any CPU
		{4D89B7E0-5A78-41C1-B829-D03777F4D1C7}.Debug|Any CPU.Build.0 = Debug|Any CPU
		{4D89B7E0-5A78-41C1-B829-D03777F4D1C7}.Release|Any CPU.ActiveCfg = Release|Any CPU
		{4D89B7E0-5A78-41C1-B829-D03777F4D1C7}.Release|Any CPU.Build.0 = Release|Any CPU
	EndGlobalSection
	GlobalSection(SolutionProperties) = preSolution
		HideSolutionNode = FALSE
	EndGlobalSection
	GlobalSection(ExtensibilityGlobals) = postSolution
		SolutionGuid = {7B88E974-D7F9-4556-99B8-886F74EF9780}
	EndGlobalSection
EndGlobal
